Microsoft Visual Studio Solution File, Format Version 12.00
# Visual Studio Version 17
VisualStudioVersion = 17.5.2.0
MinimumVisualStudioVersion = 10.0.40219.1
Project("{FAE04EC0-301F-11D3-BF4B-00C04F79EFBC}") = "ParserApp", "ParserApp\ParserApp.csproj", "{5D60DC41-DC3F-57FA-EE82-0AF65E6DBC82}"
EndProject
Global
	GlobalSection(SolutionConfigurationPlatforms) = preSolution
		Debug|Any CPU = Debug|Any CPU
		Release|Any CPU = Release|Any CPU
	EndGlobalSection
	GlobalSection(ProjectConfigurationPlatforms) = postSolution
		{5D60DC41-DC3F-57FA-EE82-0AF65E6DBC82}.Debug|Any CPU.ActiveCfg = Debug|Any CPU
		{5D60DC41-DC3F-57FA-EE82-0AF65E6DBC82}.Debug|Any CPU.Build.0 = Debug|Any CPU
		{5D60DC41-DC3F-57FA-EE82-0AF65E6DBC82}.Release|Any CPU.ActiveCfg = Release|Any CPU
		{5D60DC41-DC3F-57FA-EE82-0AF65E6DBC82}.Release|Any CPU.Build.0 = Release|Any CPU
	EndGlobalSection
	GlobalSection(SolutionProperties) = preSolution
		HideSolutionNode = FALSE
	EndGlobalSection
	GlobalSection(ExtensibilityGlobals) = postSolution
		SolutionGuid = {67202128-CCEB-4079-8112-6C6D5641EC91}
	EndGlobalSection
EndGlobal
